
Microsoft Visual Studio Solution File, Format Version 12.00
# Visual Studio Version 17
VisualStudioVersion = 17.3.32922.545
MinimumVisualStudioVersion = 10.0.40219.1
Project("{FAE04EC0-301F-11D3-BF4B-00C04F79EFBC}") = "Day01PeopleListInFile", "Day01PeopleListInFile.csproj", "{884E3804-DF00-4BCF-834A-AD0124C589DB}"
EndProject
Global
	GlobalSection(SolutionConfigurationPlatforms) = preSolution
		Debug|Any CPU = Debug|Any CPU
		Release|Any CPU = Release|Any CPU
	EndGlobalSection
	GlobalSection(ProjectConfigurationPlatforms) = postSolution
		{884E3804-DF00-4BCF-834A-AD0124C589DB}.Debug|Any CPU.ActiveCfg = Debug|Any CPU
		{884E3804-DF00-4BCF-834A-AD0124C589DB}.Debug|Any CPU.Build.0 = Debug|Any CPU
		{884E3804-DF00-4BCF-834A-AD0124C589DB}.Release|Any CPU.ActiveCfg = Release|Any CPU
		{884E3804-DF00-4BCF-834A-AD0124C589DB}.Release|Any CPU.Build.0 = Release|Any CPU
	EndGlobalSection
	GlobalSection(SolutionProperties) = preSolution
		HideSolutionNode = FALSE
	EndGlobalSection
	GlobalSection(ExtensibilityGlobals) = postSolution
		SolutionGuid = {FCCB4373-8A21-4F5B-9073-79C757767F44}
	EndGlobalSection
EndGlobal
